// !$*UTF8*$!
{
	archiveVersion = 1;
	classes = {
	};
	objectVersion = 55;
	objects = {

/* Begin PBXBuildFile section */
		B057EF5C2799D8440062040D /* AppDelegate.swift in Sources */ = {isa = PBXBuildFile; fileRef = B057EF5B2799D8440062040D /* AppDelegate.swift */; };
		B057EF5E2799D8440062040D /* SceneDelegate.swift in Sources */ = {isa = PBXBuildFile; fileRef = B057EF5D2799D8440062040D /* SceneDelegate.swift */; };
		B057EF662799D8440062040D /* Note.xcdatamodeld in Sources */ = {isa = PBXBuildFile; fileRef = B057EF642799D8440062040D /* Note.xcdatamodeld */; };
		B057EF682799D8450062040D /* Assets.xcassets in Resources */ = {isa = PBXBuildFile; fileRef = B057EF672799D8450062040D /* Assets.xcassets */; };
		B057EF6B2799D8450062040D /* LaunchScreen.storyboard in Resources */ = {isa = PBXBuildFile; fileRef = B057EF692799D8450062040D /* LaunchScreen.storyboard */; };
		B057EF762799E17D0062040D /* NoteListVC.swift in Sources */ = {isa = PBXBuildFile; fileRef = B057EF752799E17D0062040D /* NoteListVC.swift */; };
		B057EF7B2799E2C00062040D /* NoteCell.swift in Sources */ = {isa = PBXBuildFile; fileRef = B057EF7A2799E2C00062040D /* NoteCell.swift */; };
		B057EF7F2799E3860062040D /* NTitleLabel.swift in Sources */ = {isa = PBXBuildFile; fileRef = B057EF7E2799E3860062040D /* NTitleLabel.swift */; };
		B057EF812799E56B0062040D /* NSecondaryLabel.swift in Sources */ = {isa = PBXBuildFile; fileRef = B057EF802799E56B0062040D /* NSecondaryLabel.swift */; };
		B0721F2F279AFA86001A1211 /* NewNoteVC.swift in Sources */ = {isa = PBXBuildFile; fileRef = B0721F2E279AFA86001A1211 /* NewNoteVC.swift */; };
		B0721F36279B0CCB001A1211 /* NTextView.swift in Sources */ = {isa = PBXBuildFile; fileRef = B0721F35279B0CCB001A1211 /* NTextView.swift */; };
		B0721F39279B137D001A1211 /* UITableVIew+Ext.swift in Sources */ = {isa = PBXBuildFile; fileRef = B0721F38279B137D001A1211 /* UITableVIew+Ext.swift */; };
/* End PBXBuildFile section */

/* Begin PBXFileReference section */
		B057EF582799D8440062040D /* Note.app */ = {isa = PBXFileReference; explicitFileType = wrapper.application; includeInIndex = 0; path = Note.app; sourceTree = BUILT_PRODUCTS_DIR; };
		B057EF5B2799D8440062040D /* AppDelegate.swift */ = {isa = PBXFileReference; lastKnownFileType = sourcecode.swift; path = AppDelegate.swift; sourceTree = "<group>"; };
		B057EF5D2799D8440062040D /* SceneDelegate.swift */ = {isa = PBXFileReference; lastKnownFileType = sourcecode.swift; path = SceneDelegate.swift; sourceTree = "<group>"; };
		B057EF652799D8440062040D /* Note.xcdatamodel */ = {isa = PBXFileReference; lastKnownFileType = wrapper.xcdatamodel; path = Note.xcdatamodel; sourceTree = "<group>"; };
		B057EF672799D8450062040D /* Assets.xcassets */ = {isa = PBXFileReference; lastKnownFileType = folder.assetcatalog; path = Assets.xcassets; sourceTree = "<group>"; };
		B057EF6A2799D8450062040D /* Base */ = {isa = PBXFileReference; lastKnownFileType = file.storyboard; name = Base; path = Base.lproj/LaunchScreen.storyboard; sourceTree = "<group>"; };
		B057EF6C2799D8450062040D /* Info.plist */ = {isa = PBXFileReference; lastKnownFileType = text.plist.xml; path = Info.plist; sourceTree = "<group>"; };
		B057EF752799E17D0062040D /* NoteListVC.swift */ = {isa = PBXFileReference; lastKnownFileType = sourcecode.swift; path = NoteListVC.swift; sourceTree = "<group>"; };
		B057EF7A2799E2C00062040D /* NoteCell.swift */ = {isa = PBXFileReference; lastKnownFileType = sourcecode.swift; path = NoteCell.swift; sourceTree = "<group>"; };
		B057EF7E2799E3860062040D /* NTitleLabel.swift */ = {isa = PBXFileReference; lastKnownFileType = sourcecode.swift; path = NTitleLabel.swift; sourceTree = "<group>"; };
		B057EF802799E56B0062040D /* NSecondaryLabel.swift */ = {isa = PBXFileReference; lastKnownFileType = sourcecode.swift; path = NSecondaryLabel.swift; sourceTree = "<group>"; };
		B0721F2E279AFA86001A1211 /* NewNoteVC.swift */ = {isa = PBXFileReference; lastKnownFileType = sourcecode.swift; path = NewNoteVC.swift; sourceTree = "<group>"; };
		B0721F35279B0CCB001A1211 /* NTextView.swift */ = {isa = PBXFileReference; lastKnownFileType = sourcecode.swift; path = NTextView.swift; sourceTree = "<group>"; };
		B0721F38279B137D001A1211 /* UITableVIew+Ext.swift */ = {isa = PBXFileReference; lastKnownFileType = sourcecode.swift; path = "UITableVIew+Ext.swift"; sourceTree = "<group>"; };
/* End PBXFileReference section */

/* Begin PBXFrameworksBuildPhase section */
		B057EF552799D8440062040D /* Frameworks */ = {
			isa = PBXFrameworksBuildPhase;
			buildActionMask = 2147483647;
			files = (
			);
			runOnlyForDeploymentPostprocessing = 0;
		};
/* End PBXFrameworksBuildPhase section */

/* Begin PBXGroup section */
		B057EF4F2799D8440062040D = {
			isa = PBXGroup;
			children = (
				B057EF5A2799D8440062040D /* Note */,
				B057EF592799D8440062040D /* Products */,
			);
			sourceTree = "<group>";
		};
		B057EF592799D8440062040D /* Products */ = {
			isa = PBXGroup;
			children = (
				B057EF582799D8440062040D /* Note.app */,
			);
			name = Products;
			sourceTree = "<group>";
		};
		B057EF5A2799D8440062040D /* Note */ = {
			isa = PBXGroup;
			children = (
				B0721F37279B1368001A1211 /* Extansions */,
				B057EF772799E2650062040D /* Custom Views */,
				B0721F33279B083F001A1211 /* Screens  */,
				B057EF742799DB930062040D /* Supporting */,
				B057EF6C2799D8450062040D /* Info.plist */,
				B057EF642799D8440062040D /* Note.xcdatamodeld */,
			);
			path = Note;
			sourceTree = "<group>";
		};
		B057EF742799DB930062040D /* Supporting */ = {
			isa = PBXGroup;
			children = (
				B057EF5B2799D8440062040D /* AppDelegate.swift */,
				B057EF5D2799D8440062040D /* SceneDelegate.swift */,
				B057EF672799D8450062040D /* Assets.xcassets */,
				B057EF692799D8450062040D /* LaunchScreen.storyboard */,
			);
			path = Supporting;
			sourceTree = "<group>";
		};
		B057EF772799E2650062040D /* Custom Views */ = {
			isa = PBXGroup;
			children = (
				B0721F34279B0CA1001A1211 /* Views */,
				B057EF7D2799E3200062040D /* Labels */,
				B057EF7C2799E3170062040D /* Cell */,
			);
			path = "Custom Views";
			sourceTree = "<group>";
		};
		B057EF7C2799E3170062040D /* Cell */ = {
			isa = PBXGroup;
			children = (
				B057EF7A2799E2C00062040D /* NoteCell.swift */,
			);
			path = Cell;
			sourceTree = "<group>";
		};
		B057EF7D2799E3200062040D /* Labels */ = {
			isa = PBXGroup;
			children = (
				B057EF7E2799E3860062040D /* NTitleLabel.swift */,
				B057EF802799E56B0062040D /* NSecondaryLabel.swift */,
			);
			path = Labels;
			sourceTree = "<group>";
		};
		B0721F33279B083F001A1211 /* Screens  */ = {
			isa = PBXGroup;
			children = (
				B057EF752799E17D0062040D /* NoteListVC.swift */,
				B0721F2E279AFA86001A1211 /* NewNoteVC.swift */,
			);
			path = "Screens ";
			sourceTree = "<group>";
		};
		B0721F34279B0CA1001A1211 /* Views */ = {
			isa = PBXGroup;
			children = (
				B0721F35279B0CCB001A1211 /* NTextView.swift */,
			);
			path = Views;
			sourceTree = "<group>";
		};
		B0721F37279B1368001A1211 /* Extansions */ = {
			isa = PBXGroup;
			children = (
				B0721F38279B137D001A1211 /* UITableVIew+Ext.swift */,
			);
			path = Extansions;
			sourceTree = "<group>";
		};
/* End PBXGroup section */

/* Begin PBXNativeTarget section */
		B057EF572799D8440062040D /* Note */ = {
			isa = PBXNativeTarget;
			buildConfigurationList = B057EF6F2799D8450062040D /* Build configuration list for PBXNativeTarget "Note" */;
			buildPhases = (
				B057EF542799D8440062040D /* Sources */,
				B057EF552799D8440062040D /* Frameworks */,
				B057EF562799D8440062040D /* Resources */,
			);
			buildRules = (
			);
			dependencies = (
			);
			name = Note;
			productName = Note;
			productReference = B057EF582799D8440062040D /* Note.app */;
			productType = "com.apple.product-type.application";
		};
/* End PBXNativeTarget section */

/* Begin PBXProject section */
		B057EF502799D8440062040D /* Project object */ = {
			isa = PBXProject;
			attributes = {
				BuildIndependentTargetsInParallel = 1;
				LastSwiftUpdateCheck = 1310;
				LastUpgradeCheck = 1310;
				TargetAttributes = {
					B057EF572799D8440062040D = {
						CreatedOnToolsVersion = 13.1;
					};
				};
			};
			buildConfigurationList = B057EF532799D8440062040D /* Build configuration list for PBXProject "Note" */;
			compatibilityVersion = "Xcode 13.0";
			developmentRegion = en;
			hasScannedForEncodings = 0;
			knownRegions = (
				en,
				Base,
			);
			mainGroup = B057EF4F2799D8440062040D;
			productRefGroup = B057EF592799D8440062040D /* Products */;
			projectDirPath = "";
			projectRoot = "";
			targets = (
				B057EF572799D8440062040D /* Note */,
			);
		};
/* End PBXProject section */

/* Begin PBXResourcesBuildPhase section */
		B057EF562799D8440062040D /* Resources */ = {
			isa = PBXResourcesBuildPhase;
			buildActionMask = 2147483647;
			files = (
				B057EF6B2799D8450062040D /* LaunchScreen.storyboard in Resources */,
				B057EF682799D8450062040D /* Assets.xcassets in Resources */,
			);
			runOnlyForDeploymentPostprocessing = 0;
		};
/* End PBXResourcesBuildPhase section */

/* Begin PBXSourcesBuildPhase section */
		B057EF542799D8440062040D /* Sources */ = {
			isa = PBXSourcesBuildPhase;
			buildActionMask = 2147483647;
			files = (
				B057EF5C2799D8440062040D /* AppDelegate.swift in Sources */,
				B057EF5E2799D8440062040D /* SceneDelegate.swift in Sources */,
				B0721F39279B137D001A1211 /* UITableVIew+Ext.swift in Sources */,
				B057EF7B2799E2C00062040D /* NoteCell.swift in Sources */,
				B0721F36279B0CCB001A1211 /* NTextView.swift in Sources */,
				B0721F2F279AFA86001A1211 /* NewNoteVC.swift in Sources */,
				B057EF812799E56B0062040D /* NSecondaryLabel.swift in Sources */,
				B057EF762799E17D0062040D /* NoteListVC.swift in Sources */,
				B057EF7F2799E3860062040D /* NTitleLabel.swift in Sources */,
				B057EF662799D8440062040D /* Note.xcdatamodeld in Sources */,
			);
			runOnlyForDeploymentPostprocessing = 0;
		};
/* End PBXSourcesBuildPhase section */

/* Begin PBXVariantGroup section */
		B057EF692799D8450062040D /* LaunchScreen.storyboard */ = {
			isa = PBXVariantGroup;
			children = (
				B057EF6A2799D8450062040D /* Base */,
			);
			name = LaunchScreen.storyboard;
			sourceTree = "<group>";
		};
/* End PBXVariantGroup section */

/* Begin XCBuildConfiguration section */
		B057EF6D2799D8450062040D /* Debug */ = {
			isa = XCBuildConfiguration;
			buildSettings = {
				ALWAYS_SEARCH_USER_PATHS = NO;
				CLANG_ANALYZER_NONNULL = YES;
				CLANG_ANALYZER_NUMBER_OBJECT_CONVERSION = YES_AGGRESSIVE;
				CLANG_CXX_LANGUAGE_STANDARD = "gnu++17";
				CLANG_CXX_LIBRARY = "libc++";
				CLANG_ENABLE_MODULES = YES;
				CLANG_ENABLE_OBJC_ARC = YES;
				CLANG_ENABLE_OBJC_WEAK = YES;
				CLANG_WARN_BLOCK_CAPTURE_AUTORELEASING = YES;
				CLANG_WARN_BOOL_CONVERSION = YES;
				CLANG_WARN_COMMA = YES;
				CLANG_WARN_CONSTANT_CONVERSION = YES;
				CLANG_WARN_DEPRECATED_OBJC_IMPLEMENTATIONS = YES;
				CLANG_WARN_DIRECT_OBJC_ISA_USAGE = YES_ERROR;
				CLANG_WARN_DOCUMENTATION_COMMENTS = YES;
				CLANG_WARN_EMPTY_BODY = YES;
				CLANG_WARN_ENUM_CONVERSION = YES;
				CLANG_WARN_INFINITE_RECURSION = YES;
				CLANG_WARN_INT_CONVERSION = YES;
				CLANG_WARN_NON_LITERAL_NULL_CONVERSION = YES;
				CLANG_WARN_OBJC_IMPLICIT_RETAIN_SELF = YES;
				CLANG_WARN_OBJC_LITERAL_CONVERSION = YES;
				CLANG_WARN_OBJC_ROOT_CLASS = YES_ERROR;
				CLANG_WARN_QUOTED_INCLUDE_IN_FRAMEWORK_HEADER = YES;
				CLANG_WARN_RANGE_LOOP_ANALYSIS = YES;
				CLANG_WARN_STRICT_PROTOTYPES = YES;
				CLANG_WARN_SUSPICIOUS_MOVE = YES;
				CLANG_WARN_UNGUARDED_AVAILABILITY = YES_AGGRESSIVE;
				CLANG_WARN_UNREACHABLE_CODE = YES;
				CLANG_WARN__DUPLICATE_METHOD_MATCH = YES;
				COPY_PHASE_STRIP = NO;
				DEBUG_INFORMATION_FORMAT = dwarf;
				ENABLE_STRICT_OBJC_MSGSEND = YES;
				ENABLE_TESTABILITY = YES;
				GCC_C_LANGUAGE_STANDARD = gnu11;
				GCC_DYNAMIC_NO_PIC = NO;
				GCC_NO_COMMON_BLOCKS = YES;
				GCC_OPTIMIZATION_LEVEL = 0;
				GCC_PREPROCESSOR_DEFINITIONS = (
					"DEBUG=1",
					"$(inherited)",
				);
				GCC_WARN_64_TO_32_BIT_CONVERSION = YES;
				GCC_WARN_ABOUT_RETURN_TYPE = YES_ERROR;
				GCC_WARN_UNDECLARED_SELECTOR = YES;
				GCC_WARN_UNINITIALIZED_AUTOS = YES_AGGRESSIVE;
				GCC_WARN_UNUSED_FUNCTION = YES;
				GCC_WARN_UNUSED_VARIABLE = YES;
				IPHONEOS_DEPLOYMENT_TARGET = 15.0;
				MTL_ENABLE_DEBUG_INFO = INCLUDE_SOURCE;
				MTL_FAST_MATH = YES;
				ONLY_ACTIVE_ARCH = YES;
				SDKROOT = iphoneos;
				SWIFT_ACTIVE_COMPILATION_CONDITIONS = DEBUG;
				SWIFT_OPTIMIZATION_LEVEL = "-Onone";
			};
			name = Debug;
		};
		B057EF6E2799D8450062040D /* Release */ = {
			isa = XCBuildConfiguration;
			buildSettings = {
				ALWAYS_SEARCH_USER_PATHS = NO;
				CLANG_ANALYZER_NONNULL = YES;
				CLANG_ANALYZER_NUMBER_OBJECT_CONVERSION = YES_AGGRESSIVE;
				CLANG_CXX_LANGUAGE_STANDARD = "gnu++17";
				CLANG_CXX_LIBRARY = "libc++";
				CLANG_ENABLE_MODULES = YES;
				CLANG_ENABLE_OBJC_ARC = YES;
				CLANG_ENABLE_OBJC_WEAK = YES;
				CLANG_WARN_BLOCK_CAPTURE_AUTORELEASING = YES;
				CLANG_WARN_BOOL_CONVERSION = YES;
				CLANG_WARN_COMMA = YES;
				CLANG_WARN_CONSTANT_CONVERSION = YES;
				CLANG_WARN_DEPRECATED_OBJC_IMPLEMENTATIONS = YES;
				CLANG_WARN_DIRECT_OBJC_ISA_USAGE = YES_ERROR;
				CLANG_WARN_DOCUMENTATION_COMMENTS = YES;
				CLANG_WARN_EMPTY_BODY = YES;
				CLANG_WARN_ENUM_CONVERSION = YES;
				CLANG_WARN_INFINITE_RECURSION = YES;
				CLANG_WARN_INT_CONVERSION = YES;
				CLANG_WARN_NON_LITERAL_NULL_CONVERSION = YES;
				CLANG_WARN_OBJC_IMPLICIT_RETAIN_SELF = YES;
				CLANG_WARN_OBJC_LITERAL_CONVERSION = YES;
				CLANG_WARN_OBJC_ROOT_CLASS = YES_ERROR;
				CLANG_WARN_QUOTED_INCLUDE_IN_FRAMEWORK_HEADER = YES;
				CLANG_WARN_RANGE_LOOP_ANALYSIS = YES;
				CLANG_WARN_STRICT_PROTOTYPES = YES;
				CLANG_WARN_SUSPICIOUS_MOVE = YES;
				CLANG_WARN_UNGUARDED_AVAILABILITY = YES_AGGRESSIVE;
				CLANG_WARN_UNREACHABLE_CODE = YES;
				CLANG_WARN__DUPLICATE_METHOD_MATCH = YES;
				COPY_PHASE_STRIP = NO;
				DEBUG_INFORMATION_FORMAT = "dwarf-with-dsym";
				ENABLE_NS_ASSERTIONS = NO;
				ENABLE_STRICT_OBJC_MSGSEND = YES;
				GCC_C_LANGUAGE_STANDARD = gnu11;
				GCC_NO_COMMON_BLOCKS = YES;
				GCC_WARN_64_TO_32_BIT_CONVERSION = YES;
				GCC_WARN_ABOUT_RETURN_TYPE = YES_ERROR;
				GCC_WARN_UNDECLARED_SELECTOR = YES;
				GCC_WARN_UNINITIALIZED_AUTOS = YES_AGGRESSIVE;
				GCC_WARN_UNUSED_FUNCTION = YES;
				GCC_WARN_UNUSED_VARIABLE = YES;
				IPHONEOS_DEPLOYMENT_TARGET = 15.0;
				MTL_ENABLE_DEBUG_INFO = NO;
				MTL_FAST_MATH = YES;
				SDKROOT = iphoneos;
				SWIFT_COMPILATION_MODE = wholemodule;
				SWIFT_OPTIMIZATION_LEVEL = "-O";
				VALIDATE_PRODUCT = YES;
			};
			name = Release;
		};
		B057EF702799D8450062040D /* Debug */ = {
			isa = XCBuildConfiguration;
			buildSettings = {
				ASSETCATALOG_COMPILER_APPICON_NAME = AppIcon;
				ASSETCATALOG_COMPILER_GLOBAL_ACCENT_COLOR_NAME = AccentColor;
				CODE_SIGN_STYLE = Automatic;
				CURRENT_PROJECT_VERSION = 1;
				GENERATE_INFOPLIST_FILE = YES;
				INFOPLIST_FILE = Note/Info.plist;
				INFOPLIST_KEY_UIApplicationSupportsIndirectInputEvents = YES;
				INFOPLIST_KEY_UILaunchStoryboardName = LaunchScreen;
				INFOPLIST_KEY_UISupportedInterfaceOrientations = UIInterfaceOrientationPortrait;
				INFOPLIST_KEY_UISupportedInterfaceOrientations_iPad = "UIInterfaceOrientationPortrait UIInterfaceOrientationPortraitUpsideDown UIInterfaceOrientationLandscapeLeft UIInterfaceOrientationLandscapeRight";
				INFOPLIST_KEY_UISupportedInterfaceOrientations_iPhone = "UIInterfaceOrientationPortrait UIInterfaceOrientationLandscapeLeft UIInterfaceOrientationLandscapeRight";
				LD_RUNPATH_SEARCH_PATHS = (
					"$(inherited)",
					"@executable_path/Frameworks",
				);
				MARKETING_VERSION = 1.0;
				PRODUCT_BUNDLE_IDENTIFIER = "denny-task.Note";
				PRODUCT_NAME = "$(TARGET_NAME)";
				SWIFT_EMIT_LOC_STRINGS = YES;
				SWIFT_VERSION = 5.0;
				TARGETED_DEVICE_FAMILY = "1,2";
			};
			name = Debug;
		};
		B057EF712799D8450062040D /* Release */ = {
			isa = XCBuildConfiguration;
			buildSettings = {
				ASSETCATALOG_COMPILER_APPICON_NAME = AppIcon;
				ASSETCATALOG_COMPILER_GLOBAL_ACCENT_COLOR_NAME = AccentColor;
				CODE_SIGN_STYLE = Automatic;
				CURRENT_PROJECT_VERSION = 1;
				GENERATE_INFOPLIST_FILE = YES;
				INFOPLIST_FILE = Note/Info.plist;
				INFOPLIST_KEY_UIApplicationSupportsIndirectInputEvents = YES;
				INFOPLIST_KEY_UILaunchStoryboardName = LaunchScreen;
				INFOPLIST_KEY_UISupportedInterfaceOrientations = UIInterfaceOrientationPortrait;
				INFOPLIST_KEY_UISupportedInterfaceOrientations_iPad = "UIInterfaceOrientationPortrait UIInterfaceOrientationPortraitUpsideDown UIInterfaceOrientationLandscapeLeft UIInterfaceOrientationLandscapeRight";
				INFOPLIST_KEY_UISupportedInterfaceOrientations_iPhone = "UIInterfaceOrientationPortrait UIInterfaceOrientationLandscapeLeft UIInterfaceOrientationLandscapeRight";
				LD_RUNPATH_SEARCH_PATHS = (
					"$(inherited)",
					"@executable_path/Frameworks",
				);
				MARKETING_VERSION = 1.0;
				PRODUCT_BUNDLE_IDENTIFIER = "denny-task.Note";
				PRODUCT_NAME = "$(TARGET_NAME)";
				SWIFT_EMIT_LOC_STRINGS = YES;
				SWIFT_VERSION = 5.0;
				TARGETED_DEVICE_FAMILY = "1,2";
			};
			name = Release;
		};
/* End XCBuildConfiguration section */

/* Begin XCConfigurationList section */
		B057EF532799D8440062040D /* Build configuration list for PBXProject "Note" */ = {
			isa = XCConfigurationList;
			buildConfigurations = (
				B057EF6D2799D8450062040D /* Debug */,
				B057EF6E2799D8450062040D /* Release */,
			);
			defaultConfigurationIsVisible = 0;
			defaultConfigurationName = Release;
		};
		B057EF6F2799D8450062040D /* Build configuration list for PBXNativeTarget "Note" */ = {
			isa = XCConfigurationList;
			buildConfigurations = (
				B057EF702799D8450062040D /* Debug */,
				B057EF712799D8450062040D /* Release */,
			);
			defaultConfigurationIsVisible = 0;
			defaultConfigurationName = Release;
		};
/* End XCConfigurationList section */

/* Begin XCVersionGroup section */
		B057EF642799D8440062040D /* Note.xcdatamodeld */ = {
			isa = XCVersionGroup;
			children = (
				B057EF652799D8440062040D /* Note.xcdatamodel */,
			);
			currentVersion = B057EF652799D8440062040D /* Note.xcdatamodel */;
			path = Note.xcdatamodeld;
			sourceTree = "<group>";
			versionGroupType = wrapper.xcdatamodel;
		};
/* End XCVersionGroup section */
	};
	rootObject = B057EF502799D8440062040D /* Project object */;
}
